
Microsoft Visual Studio Solution File, Format Version 12.00
Project("{FAE04EC0-301F-11D3-BF4B-00C04F79EFBC}") = "TestsConcepts", "TestsConcepts\TestsConcepts.csproj", "{FFDD9A95-B202-4DE3-9A0F-83009BF4680B}"
EndProject
Global
	GlobalSection(SolutionConfigurationPlatforms) = preSolution
		Debug|Any CPU = Debug|Any CPU
		Release|Any CPU = Release|Any CPU
	EndGlobalSection
	GlobalSection(ProjectConfigurationPlatforms) = postSolution
		{FFDD9A95-B202-4DE3-9A0F-83009BF4680B}.Debug|Any CPU.ActiveCfg = Debug|Any CPU
		{FFDD9A95-B202-4DE3-9A0F-83009BF4680B}.Debug|Any CPU.Build.0 = Debug|Any CPU
		{FFDD9A95-B202-4DE3-9A0F-83009BF4680B}.Release|Any CPU.ActiveCfg = Release|Any CPU
		{FFDD9A95-B202-4DE3-9A0F-83009BF4680B}.Release|Any CPU.Build.0 = Release|Any CPU
	EndGlobalSection
EndGlobal
